
Microsoft Visual Studio Solution File, Format Version 12.00
# Visual Studio Version 17
VisualStudioVersion = 17.14.36414.22 d17.14
MinimumVisualStudioVersion = 10.0.40219.1
Project("{FAE04EC0-301F-11D3-BF4B-00C04F79EFBC}") = "DevExtremeAspNetCoreApp1", "DevExtremeAspNetCoreApp1\DevExtremeAspNetCoreApp1.csproj", "{C435EBD9-E033-4631-9DDC-7A01EE86F768}"
EndProject
Project("{2150E333-8FDC-42A3-9474-1A3956D46DE8}") = "DevExtreme NuGet.config", "DevExtreme NuGet.config", "{02EA681E-C7D8-13C7-8484-4AC65E1B71E8}"
	ProjectSection(SolutionItems) = preProject
		NuGet.config = NuGet.config
	EndProjectSection
EndProject
Global
	GlobalSection(SolutionConfigurationPlatforms) = preSolution
		Debug|Any CPU = Debug|Any CPU
		Release|Any CPU = Release|Any CPU
	EndGlobalSection
	GlobalSection(ProjectConfigurationPlatforms) = postSolution
		{C435EBD9-E033-4631-9DDC-7A01EE86F768}.Debug|Any CPU.ActiveCfg = Debug|Any CPU
		{C435EBD9-E033-4631-9DDC-7A01EE86F768}.Debug|Any CPU.Build.0 = Debug|Any CPU
		{C435EBD9-E033-4631-9DDC-7A01EE86F768}.Release|Any CPU.ActiveCfg = Release|Any CPU
		{C435EBD9-E033-4631-9DDC-7A01EE86F768}.Release|Any CPU.Build.0 = Release|Any CPU
	EndGlobalSection
	GlobalSection(SolutionProperties) = preSolution
		HideSolutionNode = FALSE
	EndGlobalSection
	GlobalSection(ExtensibilityGlobals) = postSolution
		SolutionGuid = {7C8306AE-614B-4CF6-85CF-2513389DFE0B}
	EndGlobalSection
EndGlobal
